<?xml version="1.0" encoding="utf-8"?>
<Project ToolsVersion="4.0" xmlns="http://schemas.microsoft.com/developer/msbuild/2003">
  <ItemGroup>
    <Filter Include="Source Files">
      <UniqueIdentifier>{f2acfbff-7d38-4752-88ad-e45dba40012c}</UniqueIdentifier>
      <Extensions>cpp;c;cxx;def;odl;idl;hpj;bat;asm</Extensions>
    </Filter>
    <Filter Include="Header Files">
      <UniqueIdentifier>{28459f11-bc0c-4657-85a9-41aa88fc9eb4}</UniqueIdentifier>
      <Extensions>h;hpp;hxx;hm;inl;inc</Extensions>
    </Filter>
    <Filter Include="Resource Files">
      <UniqueIdentifier>{5cc65173-d6e9-417d-b4a6-63b7ee64970b}</UniqueIdentifier>
      <Extensions>rc;ico;cur;bmp;dlg;rc2;rct;bin;rgs;gif;jpg;jpeg;jpe</Extensions>
    </Filter>
    <Filter Include="GNU Files">
      <UniqueIdentifier>{ddeef180-66e4-4756-8291-7e1f7a5ed676}</UniqueIdentifier>
    </Filter>
  </ItemGroup>
  <ItemGroup>
    <ClCompile Include="NscCodeGenerator.cpp">
      <Filter>Source Files</Filter>
    </ClCompile>
    <ClCompile Include="NscCompiler.cpp">
      <Filter>Source Files</Filter>
    </ClCompile>
    <ClCompile Include="NscContext.cpp">
      <Filter>Source Files</Filter>
    </ClCompile>
    <ClCompile Include="NscDecompiler.cpp">
      <Filter>Source Files</Filter>
    </ClCompile>
    <ClCompile Include="nscparser.cpp">
      <Filter>Source Files</Filter>
    </ClCompile>
    <ClCompile Include="NscParserRoutines.cpp">
      <Filter>Source Files</Filter>
    </ClCompile>
    <ClCompile Include="NscPStackEntry.cpp">
      <Filter>Source Files</Filter>
    </ClCompile>
  </ItemGroup>
  <ItemGroup>
    <None Include="Makefile.am">
      <Filter>GNU Files</Filter>
    </None>
  </ItemGroup>
  <ItemGroup>
    <ClInclude Include="Nsc.h">
      <Filter>Header Files</Filter>
    </ClInclude>
    <ClInclude Include="NscCodeGenerator.h">
      <Filter>Header Files</Filter>
    </ClInclude>
    <ClInclude Include="NscContext.h">
      <Filter>Header Files</Filter>
    </ClInclude>
    <ClInclude Include="nscparser.h">
      <Filter>Header Files</Filter>
    </ClInclude>
    <ClInclude Include="NscPStackEntry.h">
      <Filter>Header Files</Filter>
    </ClInclude>
    <ClInclude Include="NscSymbolTable.h">
      <Filter>Header Files</Filter>
    </ClInclude>
  </ItemGroup>
</Project>